
Microsoft Visual Studio Solution File, Format Version 12.00
# Visual Studio 15
VisualStudioVersion = 15.0.27428.2037
MinimumVisualStudioVersion = 10.0.40219.1
Project("{FAE04EC0-301F-11D3-BF4B-00C04F79EFBC}") = "MealPrep", "MealPrep\MealPrep.csproj", "{83B1A866-6C7F-4715-8765-BC005E5948D0}"
EndProject
Global
	GlobalSection(SolutionConfigurationPlatforms) = preSolution
		Debug|Any CPU = Debug|Any CPU
		Release|Any CPU = Release|Any CPU
	EndGlobalSection
	GlobalSection(ProjectConfigurationPlatforms) = postSolution
		{83B1A866-6C7F-4715-8765-BC005E5948D0}.Debug|Any CPU.ActiveCfg = Debug|Any CPU
		{83B1A866-6C7F-4715-8765-BC005E5948D0}.Debug|Any CPU.Build.0 = Debug|Any CPU
		{83B1A866-6C7F-4715-8765-BC005E5948D0}.Release|Any CPU.ActiveCfg = Release|Any CPU
		{83B1A866-6C7F-4715-8765-BC005E5948D0}.Release|Any CPU.Build.0 = Release|Any CPU
	EndGlobalSection
	GlobalSection(SolutionProperties) = preSolution
		HideSolutionNode = FALSE
	EndGlobalSection
	GlobalSection(ExtensibilityGlobals) = postSolution
		SolutionGuid = {39E23344-F45B-4E58-9ADE-55F216CAA193}
	EndGlobalSection
EndGlobal
